
Microsoft Visual Studio Solution File, Format Version 12.00
# Visual Studio Version 16
VisualStudioVersion = 16.0.31424.327
MinimumVisualStudioVersion = 10.0.40219.1
Project("{FAE04EC0-301F-11D3-BF4B-00C04F79EFBC}") = "problem1-2.calapini-bscpe1-5", "problem1-2.calapini-bscpe1-5.csproj", "{D6F59B28-F634-4585-87C3-EFED24175BAB}"
EndProject
Global
	GlobalSection(SolutionConfigurationPlatforms) = preSolution
		Debug|Any CPU = Debug|Any CPU
		Release|Any CPU = Release|Any CPU
	EndGlobalSection
	GlobalSection(ProjectConfigurationPlatforms) = postSolution
		{D6F59B28-F634-4585-87C3-EFED24175BAB}.Debug|Any CPU.ActiveCfg = Debug|Any CPU
		{D6F59B28-F634-4585-87C3-EFED24175BAB}.Debug|Any CPU.Build.0 = Debug|Any CPU
		{D6F59B28-F634-4585-87C3-EFED24175BAB}.Release|Any CPU.ActiveCfg = Release|Any CPU
		{D6F59B28-F634-4585-87C3-EFED24175BAB}.Release|Any CPU.Build.0 = Release|Any CPU
	EndGlobalSection
	GlobalSection(SolutionProperties) = preSolution
		HideSolutionNode = FALSE
	EndGlobalSection
	GlobalSection(ExtensibilityGlobals) = postSolution
		SolutionGuid = {78F1D721-C63E-4FFF-A4F4-1F68BB95806B}
	EndGlobalSection
EndGlobal
